
Microsoft Visual Studio Solution File, Format Version 12.00
# Visual Studio Version 16
VisualStudioVersion = 16.0.30717.126
MinimumVisualStudioVersion = 10.0.40219.1
Project("{FAE04EC0-301F-11D3-BF4B-00C04F79EFBC}") = "ClaimsCenter.Presentation", "ClaimsCenter.Presentation\ClaimsCenter.Presentation.csproj", "{081B2363-CDF2-464B-B313-DEF6BB84A203}"
	ProjectSection(ProjectDependencies) = postProject
		{CEC45ECB-0EA8-4A95-ABC1-77C6864615E2} = {CEC45ECB-0EA8-4A95-ABC1-77C6864615E2}
	EndProjectSection
EndProject
Project("{FAE04EC0-301F-11D3-BF4B-00C04F79EFBC}") = "ClaimsCenter.Applications", "ClaimsCenter.Applications\ClaimsCenter.Applications.csproj", "{CEC45ECB-0EA8-4A95-ABC1-77C6864615E2}"
	ProjectSection(ProjectDependencies) = postProject
		{9AB15CDA-A5CE-4AE6-B279-E0DCDF0DF753} = {9AB15CDA-A5CE-4AE6-B279-E0DCDF0DF753}
	EndProjectSection
EndProject
Project("{FAE04EC0-301F-11D3-BF4B-00C04F79EFBC}") = "ClaimsExpert.Contract", "ClaimsExpert.Contract\ClaimsExpert.Contract.csproj", "{9AB15CDA-A5CE-4AE6-B279-E0DCDF0DF753}"
EndProject
Project("{FAE04EC0-301F-11D3-BF4B-00C04F79EFBC}") = "ClaimsExpert.Domain", "ClaimsExpert.Domain\ClaimsExpert.Domain.csproj", "{3B344B87-9A01-4679-B364-07E1E12D68DB}"
EndProject
Project("{FAE04EC0-301F-11D3-BF4B-00C04F79EFBC}") = "ClaimsExpert.Rules", "ClaimsExpert.Rules\ClaimsExpert.Rules.csproj", "{4372B173-DE6D-4383-9919-BC95D365424A}"
	ProjectSection(ProjectDependencies) = postProject
		{3B344B87-9A01-4679-B364-07E1E12D68DB} = {3B344B87-9A01-4679-B364-07E1E12D68DB}
	EndProjectSection
EndProject
Project("{FAE04EC0-301F-11D3-BF4B-00C04F79EFBC}") = "ClaimsExpert.Service", "ClaimsExpert.Service\ClaimsExpert.Service.csproj", "{C617DE3A-3EF9-4DFF-AF9E-5C9CBC9152E2}"
	ProjectSection(ProjectDependencies) = postProject
		{4372B173-DE6D-4383-9919-BC95D365424A} = {4372B173-DE6D-4383-9919-BC95D365424A}
		{3B344B87-9A01-4679-B364-07E1E12D68DB} = {3B344B87-9A01-4679-B364-07E1E12D68DB}
		{9AB15CDA-A5CE-4AE6-B279-E0DCDF0DF753} = {9AB15CDA-A5CE-4AE6-B279-E0DCDF0DF753}
	EndProjectSection
EndProject
Project("{FAE04EC0-301F-11D3-BF4B-00C04F79EFBC}") = "DataGenerator", "DataGenerator\DataGenerator.csproj", "{8CC2F352-C6A2-41A8-B6C2-8EC8A8CCB34B}"
EndProject
Global
	GlobalSection(SolutionConfigurationPlatforms) = preSolution
		Debug|Any CPU = Debug|Any CPU
		Release|Any CPU = Release|Any CPU
	EndGlobalSection
	GlobalSection(ProjectConfigurationPlatforms) = postSolution
		{081B2363-CDF2-464B-B313-DEF6BB84A203}.Debug|Any CPU.ActiveCfg = Debug|Any CPU
		{081B2363-CDF2-464B-B313-DEF6BB84A203}.Debug|Any CPU.Build.0 = Debug|Any CPU
		{081B2363-CDF2-464B-B313-DEF6BB84A203}.Release|Any CPU.ActiveCfg = Release|Any CPU
		{081B2363-CDF2-464B-B313-DEF6BB84A203}.Release|Any CPU.Build.0 = Release|Any CPU
		{CEC45ECB-0EA8-4A95-ABC1-77C6864615E2}.Debug|Any CPU.ActiveCfg = Debug|Any CPU
		{CEC45ECB-0EA8-4A95-ABC1-77C6864615E2}.Debug|Any CPU.Build.0 = Debug|Any CPU
		{CEC45ECB-0EA8-4A95-ABC1-77C6864615E2}.Release|Any CPU.ActiveCfg = Release|Any CPU
		{CEC45ECB-0EA8-4A95-ABC1-77C6864615E2}.Release|Any CPU.Build.0 = Release|Any CPU
		{9AB15CDA-A5CE-4AE6-B279-E0DCDF0DF753}.Debug|Any CPU.ActiveCfg = Debug|Any CPU
		{9AB15CDA-A5CE-4AE6-B279-E0DCDF0DF753}.Debug|Any CPU.Build.0 = Debug|Any CPU
		{9AB15CDA-A5CE-4AE6-B279-E0DCDF0DF753}.Release|Any CPU.ActiveCfg = Release|Any CPU
		{9AB15CDA-A5CE-4AE6-B279-E0DCDF0DF753}.Release|Any CPU.Build.0 = Release|Any CPU
		{3B344B87-9A01-4679-B364-07E1E12D68DB}.Debug|Any CPU.ActiveCfg = Debug|Any CPU
		{3B344B87-9A01-4679-B364-07E1E12D68DB}.Debug|Any CPU.Build.0 = Debug|Any CPU
		{3B344B87-9A01-4679-B364-07E1E12D68DB}.Release|Any CPU.ActiveCfg = Release|Any CPU
		{3B344B87-9A01-4679-B364-07E1E12D68DB}.Release|Any CPU.Build.0 = Release|Any CPU
		{4372B173-DE6D-4383-9919-BC95D365424A}.Debug|Any CPU.ActiveCfg = Debug|Any CPU
		{4372B173-DE6D-4383-9919-BC95D365424A}.Debug|Any CPU.Build.0 = Debug|Any CPU
		{4372B173-DE6D-4383-9919-BC95D365424A}.Release|Any CPU.ActiveCfg = Release|Any CPU
		{4372B173-DE6D-4383-9919-BC95D365424A}.Release|Any CPU.Build.0 = Release|Any CPU
		{C617DE3A-3EF9-4DFF-AF9E-5C9CBC9152E2}.Debug|Any CPU.ActiveCfg = Debug|Any CPU
		{C617DE3A-3EF9-4DFF-AF9E-5C9CBC9152E2}.Debug|Any CPU.Build.0 = Debug|Any CPU
		{C617DE3A-3EF9-4DFF-AF9E-5C9CBC9152E2}.Release|Any CPU.ActiveCfg = Release|Any CPU
		{C617DE3A-3EF9-4DFF-AF9E-5C9CBC9152E2}.Release|Any CPU.Build.0 = Release|Any CPU
		{8CC2F352-C6A2-41A8-B6C2-8EC8A8CCB34B}.Debug|Any CPU.ActiveCfg = Debug|Any CPU
		{8CC2F352-C6A2-41A8-B6C2-8EC8A8CCB34B}.Debug|Any CPU.Build.0 = Debug|Any CPU
		{8CC2F352-C6A2-41A8-B6C2-8EC8A8CCB34B}.Release|Any CPU.ActiveCfg = Release|Any CPU
		{8CC2F352-C6A2-41A8-B6C2-8EC8A8CCB34B}.Release|Any CPU.Build.0 = Release|Any CPU
	EndGlobalSection
	GlobalSection(SolutionProperties) = preSolution
		HideSolutionNode = FALSE
	EndGlobalSection
	GlobalSection(ExtensibilityGlobals) = postSolution
		SolutionGuid = {561C116C-D46A-4379-AF62-5895EE173AC7}
	EndGlobalSection
EndGlobal
